
Microsoft Visual Studio Solution File, Format Version 12.00
# Visual Studio Version 17
VisualStudioVersion = 17.9.34728.123
MinimumVisualStudioVersion = 10.0.40219.1
Project("{FAE04EC0-301F-11D3-BF4B-00C04F79EFBC}") = "SzkolaDotNetaExercises", "SzkolaDotNetaExercises\SzkolaDotNetaExercises.csproj", "{9120D327-AAD6-4C2D-A7DB-5E04F7B24545}"
EndProject
Global
	GlobalSection(SolutionConfigurationPlatforms) = preSolution
		Debug|Any CPU = Debug|Any CPU
		Release|Any CPU = Release|Any CPU
	EndGlobalSection
	GlobalSection(ProjectConfigurationPlatforms) = postSolution
		{9120D327-AAD6-4C2D-A7DB-5E04F7B24545}.Debug|Any CPU.ActiveCfg = Debug|Any CPU
		{9120D327-AAD6-4C2D-A7DB-5E04F7B24545}.Debug|Any CPU.Build.0 = Debug|Any CPU
		{9120D327-AAD6-4C2D-A7DB-5E04F7B24545}.Release|Any CPU.ActiveCfg = Release|Any CPU
		{9120D327-AAD6-4C2D-A7DB-5E04F7B24545}.Release|Any CPU.Build.0 = Release|Any CPU
	EndGlobalSection
	GlobalSection(SolutionProperties) = preSolution
		HideSolutionNode = FALSE
	EndGlobalSection
	GlobalSection(ExtensibilityGlobals) = postSolution
		SolutionGuid = {3A36824C-52D7-4511-B72E-63373D0F7519}
	EndGlobalSection
EndGlobal
